// !$*UTF8*$!
{
	archiveVersion = 1;
	classes = {
	};
	objectVersion = 77;
	objects = {

/* Begin PBXBuildFile section */
		8E79EAB62EF695DB0071BAF7 /* Auth in Frameworks */ = {isa = PBXBuildFile; productRef = 8E79EAB52EF695DB0071BAF7 /* Auth */; };
		8E79EAB82EF695DB0071BAF7 /* Functions in Frameworks */ = {isa = PBXBuildFile; productRef = 8E79EAB72EF695DB0071BAF7 /* Functions */; };
		8E79EABA2EF695DB0071BAF7 /* PostgREST in Frameworks */ = {isa = PBXBuildFile; productRef = 8E79EAB92EF695DB0071BAF7 /* PostgREST */; };
		8E79EABC2EF695DB0071BAF7 /* Realtime in Frameworks */ = {isa = PBXBuildFile; productRef = 8E79EABB2EF695DB0071BAF7 /* Realtime */; };
		8E79EABE2EF695DB0071BAF7 /* Storage in Frameworks */ = {isa = PBXBuildFile; productRef = 8E79EABD2EF695DB0071BAF7 /* Storage */; };
		8E79EAC02EF695DB0071BAF7 /* Supabase in Frameworks */ = {isa = PBXBuildFile; productRef = 8E79EABF2EF695DB0071BAF7 /* Supabase */; };
		8E79EADF2EF7812A0071BAF7 /* WidgetKit.framework in Frameworks */ = {isa = PBXBuildFile; fileRef = 8E79EADE2EF7812A0071BAF7 /* WidgetKit.framework */; };
		8E79EAE12EF7812A0071BAF7 /* SwiftUI.framework in Frameworks */ = {isa = PBXBuildFile; fileRef = 8E79EAE02EF7812A0071BAF7 /* SwiftUI.framework */; };
		8E79EAEE2EF7812B0071BAF7 /* WReminderWidget.appex in Embed Foundation Extensions */ = {isa = PBXBuildFile; fileRef = 8E79EADD2EF7812A0071BAF7 /* WReminderWidget.appex */; settings = {ATTRIBUTES = (RemoveHeadersOnCopy, ); }; };
/* End PBXBuildFile section */

/* Begin PBXContainerItemProxy section */
		8E64B6152EE94E6A00916B45 /* PBXContainerItemProxy */ = {
			isa = PBXContainerItemProxy;
			containerPortal = 8EEC8A1C2ECF9892009E9C8A /* Project object */;
			proxyType = 1;
			remoteGlobalIDString = 8EEC8A232ECF9892009E9C8A;
			remoteInfo = "W Reminder";
		};
		8E64B62E2EEA82F900916B45 /* PBXContainerItemProxy */ = {
			isa = PBXContainerItemProxy;
			containerPortal = 8EEC8A1C2ECF9892009E9C8A /* Project object */;
			proxyType = 1;
			remoteGlobalIDString = 8EEC8A232ECF9892009E9C8A;
			remoteInfo = "W Reminder";
		};
		8E79EAEC2EF7812B0071BAF7 /* PBXContainerItemProxy */ = {
			isa = PBXContainerItemProxy;
			containerPortal = 8EEC8A1C2ECF9892009E9C8A /* Project object */;
			proxyType = 1;
			remoteGlobalIDString = 8E79EADC2EF7812A0071BAF7;
			remoteInfo = WReminderWidgetExtension;
		};
/* End PBXContainerItemProxy section */

/* Begin PBXCopyFilesBuildPhase section */
		8E79EAF32EF7812B0071BAF7 /* Embed Foundation Extensions */ = {
			isa = PBXCopyFilesBuildPhase;
			buildActionMask = 2147483647;
			dstPath = "";
			dstSubfolderSpec = 13;
			files = (
				8E79EAEE2EF7812B0071BAF7 /* WReminderWidget.appex in Embed Foundation Extensions */,
			);
			name = "Embed Foundation Extensions";
			runOnlyForDeploymentPostprocessing = 0;
		};
/* End PBXCopyFilesBuildPhase section */

/* Begin PBXFileReference section */
		8E64B6112EE94E6A00916B45 /* W ReminderTests.xctest */ = {isa = PBXFileReference; explicitFileType = wrapper.cfbundle; includeInIndex = 0; path = "W ReminderTests.xctest"; sourceTree = BUILT_PRODUCTS_DIR; };
		8E64B6282EEA82F900916B45 /* W ReminderUITests.xctest */ = {isa = PBXFileReference; explicitFileType = wrapper.cfbundle; includeInIndex = 0; path = "W ReminderUITests.xctest"; sourceTree = BUILT_PRODUCTS_DIR; };
		8E79EADD2EF7812A0071BAF7 /* WReminderWidget.appex */ = {isa = PBXFileReference; explicitFileType = "wrapper.app-extension"; includeInIndex = 0; path = WReminderWidget.appex; sourceTree = BUILT_PRODUCTS_DIR; };
		8E79EADE2EF7812A0071BAF7 /* WidgetKit.framework */ = {isa = PBXFileReference; lastKnownFileType = wrapper.framework; name = WidgetKit.framework; path = System/Library/Frameworks/WidgetKit.framework; sourceTree = SDKROOT; };
		8E79EAE02EF7812A0071BAF7 /* SwiftUI.framework */ = {isa = PBXFileReference; lastKnownFileType = wrapper.framework; name = SwiftUI.framework; path = System/Library/Frameworks/SwiftUI.framework; sourceTree = SDKROOT; };
		8E79EAF52EF782500071BAF7 /* WReminderWidget.entitlements */ = {isa = PBXFileReference; lastKnownFileType = text.plist.entitlements; path = WReminderWidget.entitlements; sourceTree = "<group>"; };
		8E79EB5F2EF79D0C0071BAF7 /* W-Reminder-Info.plist */ = {isa = PBXFileReference; lastKnownFileType = text.plist.xml; path = "W-Reminder-Info.plist"; sourceTree = "<group>"; };
		8EEC8A242ECF9892009E9C8A /* W Reminder.app */ = {isa = PBXFileReference; explicitFileType = wrapper.application; includeInIndex = 0; path = "W Reminder.app"; sourceTree = BUILT_PRODUCTS_DIR; };
/* End PBXFileReference section */

/* Begin PBXFileSystemSynchronizedBuildFileExceptionSet section */
		8E79EAF72EF782FB0071BAF7 /* Exceptions for "W Reminder" folder in "WReminderWidget" target */ = {
			isa = PBXFileSystemSynchronizedBuildFileExceptionSet;
			membershipExceptions = (
				Checklist.swift,
				DateParser.swift,
				DeletedRecord.swift,
				SharedPersistence.swift,
				Tag.swift,
				Theme.swift,
				WReminderWidget.swift,
			);
			target = 8E79EADC2EF7812A0071BAF7 /* WReminderWidget */;
		};
		8E79EAFF2EF790160071BAF7 /* Exceptions for "W Reminder" folder in "W Reminder" target */ = {
			isa = PBXFileSystemSynchronizedBuildFileExceptionSet;
			membershipExceptions = (
				WReminderWidget.swift,
			);
			target = 8EEC8A232ECF9892009E9C8A /* W Reminder */;
		};
		8E79EB632EF7A3670071BAF7 /* Exceptions for "WReminderWidget" folder in "WReminderWidget" target */ = {
			isa = PBXFileSystemSynchronizedBuildFileExceptionSet;
			membershipExceptions = (
				Info.plist,
			);
			target = 8E79EADC2EF7812A0071BAF7 /* WReminderWidget */;
		};
/* End PBXFileSystemSynchronizedBuildFileExceptionSet section */

/* Begin PBXFileSystemSynchronizedRootGroup section */
		8E64B6122EE94E6A00916B45 /* W ReminderTests */ = {
			isa = PBXFileSystemSynchronizedRootGroup;
			path = "W ReminderTests";
			sourceTree = "<group>";
		};
		8E64B6292EEA82F900916B45 /* W ReminderUITests */ = {
			isa = PBXFileSystemSynchronizedRootGroup;
			path = "W ReminderUITests";
			sourceTree = "<group>";
		};
		8E79EAE22EF7812A0071BAF7 /* WReminderWidget */ = {
			isa = PBXFileSystemSynchronizedRootGroup;
			exceptions = (
				8E79EB632EF7A3670071BAF7 /* Exceptions for "WReminderWidget" folder in "WReminderWidget" target */,
			);
			path = WReminderWidget;
			sourceTree = "<group>";
		};
		8EEC8A262ECF9892009E9C8A /* W Reminder */ = {
			isa = PBXFileSystemSynchronizedRootGroup;
			exceptions = (
				8E79EAFF2EF790160071BAF7 /* Exceptions for "W Reminder" folder in "W Reminder" target */,
				8E79EAF72EF782FB0071BAF7 /* Exceptions for "W Reminder" folder in "WReminderWidget" target */,
			);
			path = "W Reminder";
			sourceTree = "<group>";
		};
/* End PBXFileSystemSynchronizedRootGroup section */

/* Begin PBXFrameworksBuildPhase section */
		8E64B60E2EE94E6A00916B45 /* Frameworks */ = {
			isa = PBXFrameworksBuildPhase;
			buildActionMask = 2147483647;
			files = (
			);
			runOnlyForDeploymentPostprocessing = 0;
		};
		8E64B6252EEA82F900916B45 /* Frameworks */ = {
			isa = PBXFrameworksBuildPhase;
			buildActionMask = 2147483647;
			files = (
			);
			runOnlyForDeploymentPostprocessing = 0;
		};
		8E79EADA2EF7812A0071BAF7 /* Frameworks */ = {
			isa = PBXFrameworksBuildPhase;
			buildActionMask = 2147483647;
			files = (
				8E79EAE12EF7812A0071BAF7 /* SwiftUI.framework in Frameworks */,
				8E79EADF2EF7812A0071BAF7 /* WidgetKit.framework in Frameworks */,
			);
			runOnlyForDeploymentPostprocessing = 0;
		};
		8EEC8A212ECF9892009E9C8A /* Frameworks */ = {
			isa = PBXFrameworksBuildPhase;
			buildActionMask = 2147483647;
			files = (
				8E79EABA2EF695DB0071BAF7 /* PostgREST in Frameworks */,
				8E79EAB82EF695DB0071BAF7 /* Functions in Frameworks */,
				8E79EAC02EF695DB0071BAF7 /* Supabase in Frameworks */,
				8E79EAB62EF695DB0071BAF7 /* Auth in Frameworks */,
				8E79EABE2EF695DB0071BAF7 /* Storage in Frameworks */,
				8E79EABC2EF695DB0071BAF7 /* Realtime in Frameworks */,
			);
			runOnlyForDeploymentPostprocessing = 0;
		};
/* End PBXFrameworksBuildPhase section */

/* Begin PBXGroup section */
		8E79EAB42EF695CA0071BAF7 /* Frameworks */ = {
			isa = PBXGroup;
			children = (
				8E79EADE2EF7812A0071BAF7 /* WidgetKit.framework */,
				8E79EAE02EF7812A0071BAF7 /* SwiftUI.framework */,
			);
			name = Frameworks;
			sourceTree = "<group>";
		};
		8EEC8A1B2ECF9892009E9C8A = {
			isa = PBXGroup;
			children = (
				8E79EB5F2EF79D0C0071BAF7 /* W-Reminder-Info.plist */,
				8E79EAF52EF782500071BAF7 /* WReminderWidget.entitlements */,
				8EEC8A262ECF9892009E9C8A /* W Reminder */,
				8E64B6122EE94E6A00916B45 /* W ReminderTests */,
				8E64B6292EEA82F900916B45 /* W ReminderUITests */,
				8E79EAE22EF7812A0071BAF7 /* WReminderWidget */,
				8E79EAB42EF695CA0071BAF7 /* Frameworks */,
				8EEC8A252ECF9892009E9C8A /* Products */,
			);
			sourceTree = "<group>";
		};
		8EEC8A252ECF9892009E9C8A /* Products */ = {
			isa = PBXGroup;
			children = (
				8EEC8A242ECF9892009E9C8A /* W Reminder.app */,
				8E64B6112EE94E6A00916B45 /* W ReminderTests.xctest */,
				8E64B6282EEA82F900916B45 /* W ReminderUITests.xctest */,
				8E79EADD2EF7812A0071BAF7 /* WReminderWidget.appex */,
			);
			name = Products;
			sourceTree = "<group>";
		};
/* End PBXGroup section */

/* Begin PBXNativeTarget section */
		8E64B6102EE94E6A00916B45 /* W ReminderTests */ = {
			isa = PBXNativeTarget;
			buildConfigurationList = 8E64B6172EE94E6A00916B45 /* Build configuration list for PBXNativeTarget "W ReminderTests" */;
			buildPhases = (
				8E64B60D2EE94E6A00916B45 /* Sources */,
				8E64B60E2EE94E6A00916B45 /* Frameworks */,
				8E64B60F2EE94E6A00916B45 /* Resources */,
			);
			buildRules = (
			);
			dependencies = (
				8E64B6162EE94E6A00916B45 /* PBXTargetDependency */,
			);
			fileSystemSynchronizedGroups = (
				8E64B6122EE94E6A00916B45 /* W ReminderTests */,
			);
			name = "W ReminderTests";
			packageProductDependencies = (
			);
			productName = "W ReminderTests";
			productReference = 8E64B6112EE94E6A00916B45 /* W ReminderTests.xctest */;
			productType = "com.apple.product-type.bundle.unit-test";
		};
		8E64B6272EEA82F900916B45 /* W ReminderUITests */ = {
			isa = PBXNativeTarget;
			buildConfigurationList = 8E64B6302EEA82F900916B45 /* Build configuration list for PBXNativeTarget "W ReminderUITests" */;
			buildPhases = (
				8E64B6242EEA82F900916B45 /* Sources */,
				8E64B6252EEA82F900916B45 /* Frameworks */,
				8E64B6262EEA82F900916B45 /* Resources */,
			);
			buildRules = (
			);
			dependencies = (
				8E64B62F2EEA82F900916B45 /* PBXTargetDependency */,
			);
			fileSystemSynchronizedGroups = (
				8E64B6292EEA82F900916B45 /* W ReminderUITests */,
			);
			name = "W ReminderUITests";
			packageProductDependencies = (
			);
			productName = "W ReminderUITests";
			productReference = 8E64B6282EEA82F900916B45 /* W ReminderUITests.xctest */;
			productType = "com.apple.product-type.bundle.ui-testing";
		};
		8E79EADC2EF7812A0071BAF7 /* WReminderWidget */ = {
			isa = PBXNativeTarget;
			buildConfigurationList = 8E79EAF02EF7812B0071BAF7 /* Build configuration list for PBXNativeTarget "WReminderWidget" */;
			buildPhases = (
				8E79EAD92EF7812A0071BAF7 /* Sources */,
				8E79EADA2EF7812A0071BAF7 /* Frameworks */,
				8E79EADB2EF7812A0071BAF7 /* Resources */,
			);
			buildRules = (
			);
			dependencies = (
			);
			fileSystemSynchronizedGroups = (
				8E79EAE22EF7812A0071BAF7 /* WReminderWidget */,
			);
			name = WReminderWidget;
			packageProductDependencies = (
			);
			productName = WReminderWidgetExtension;
			productReference = 8E79EADD2EF7812A0071BAF7 /* WReminderWidget.appex */;
			productType = "com.apple.product-type.app-extension";
		};
		8EEC8A232ECF9892009E9C8A /* W Reminder */ = {
			isa = PBXNativeTarget;
			buildConfigurationList = 8EEC8A342ECF9893009E9C8A /* Build configuration list for PBXNativeTarget "W Reminder" */;
			buildPhases = (
				8EEC8A202ECF9892009E9C8A /* Sources */,
				8EEC8A212ECF9892009E9C8A /* Frameworks */,
				8EEC8A222ECF9892009E9C8A /* Resources */,
				8E79EAF32EF7812B0071BAF7 /* Embed Foundation Extensions */,
			);
			buildRules = (
			);
			dependencies = (
				8E79EAED2EF7812B0071BAF7 /* PBXTargetDependency */,
			);
			fileSystemSynchronizedGroups = (
				8EEC8A262ECF9892009E9C8A /* W Reminder */,
			);
			name = "W Reminder";
			packageProductDependencies = (
				8E79EAB52EF695DB0071BAF7 /* Auth */,
				8E79EAB72EF695DB0071BAF7 /* Functions */,
				8E79EAB92EF695DB0071BAF7 /* PostgREST */,
				8E79EABB2EF695DB0071BAF7 /* Realtime */,
				8E79EABD2EF695DB0071BAF7 /* Storage */,
				8E79EABF2EF695DB0071BAF7 /* Supabase */,
			);
			productName = "W Reminder";
			productReference = 8EEC8A242ECF9892009E9C8A /* W Reminder.app */;
			productType = "com.apple.product-type.application";
		};
/* End PBXNativeTarget section */

/* Begin PBXProject section */
		8EEC8A1C2ECF9892009E9C8A /* Project object */ = {
			isa = PBXProject;
			attributes = {
				BuildIndependentTargetsInParallel = 1;
				LastSwiftUpdateCheck = 1620;
				LastUpgradeCheck = 1620;
				TargetAttributes = {
					8E64B6102EE94E6A00916B45 = {
						CreatedOnToolsVersion = 16.2;
						TestTargetID = 8EEC8A232ECF9892009E9C8A;
					};
					8E64B6272EEA82F900916B45 = {
						CreatedOnToolsVersion = 16.2;
						TestTargetID = 8EEC8A232ECF9892009E9C8A;
					};
					8E79EADC2EF7812A0071BAF7 = {
						CreatedOnToolsVersion = 16.2;
					};
					8EEC8A232ECF9892009E9C8A = {
						CreatedOnToolsVersion = 16.2;
					};
				};
			};
			buildConfigurationList = 8EEC8A1F2ECF9892009E9C8A /* Build configuration list for PBXProject "W Reminder" */;
			developmentRegion = en;
			hasScannedForEncodings = 0;
			knownRegions = (
				en,
				Base,
			);
			mainGroup = 8EEC8A1B2ECF9892009E9C8A;
			minimizedProjectReferenceProxies = 1;
			packageReferences = (
				8E79EAB32EF694990071BAF7 /* XCRemoteSwiftPackageReference "supabase-swift" */,
			);
			preferredProjectObjectVersion = 77;
			productRefGroup = 8EEC8A252ECF9892009E9C8A /* Products */;
			projectDirPath = "";
			projectRoot = "";
			targets = (
				8EEC8A232ECF9892009E9C8A /* W Reminder */,
				8E64B6102EE94E6A00916B45 /* W ReminderTests */,
				8E64B6272EEA82F900916B45 /* W ReminderUITests */,
				8E79EADC2EF7812A0071BAF7 /* WReminderWidget */,
			);
		};
/* End PBXProject section */

/* Begin PBXResourcesBuildPhase section */
		8E64B60F2EE94E6A00916B45 /* Resources */ = {
			isa = PBXResourcesBuildPhase;
			buildActionMask = 2147483647;
			files = (
			);
			runOnlyForDeploymentPostprocessing = 0;
		};
		8E64B6262EEA82F900916B45 /* Resources */ = {
			isa = PBXResourcesBuildPhase;
			buildActionMask = 2147483647;
			files = (
			);
			runOnlyForDeploymentPostprocessing = 0;
		};
		8E79EADB2EF7812A0071BAF7 /* Resources */ = {
			isa = PBXResourcesBuildPhase;
			buildActionMask = 2147483647;
			files = (
			);
			runOnlyForDeploymentPostprocessing = 0;
		};
		8EEC8A222ECF9892009E9C8A /* Resources */ = {
			isa = PBXResourcesBuildPhase;
			buildActionMask = 2147483647;
			files = (
			);
			runOnlyForDeploymentPostprocessing = 0;
		};
/* End PBXResourcesBuildPhase section */

/* Begin PBXSourcesBuildPhase section */
		8E64B60D2EE94E6A00916B45 /* Sources */ = {
			isa = PBXSourcesBuildPhase;
			buildActionMask = 2147483647;
			files = (
			);
			runOnlyForDeploymentPostprocessing = 0;
		};
		8E64B6242EEA82F900916B45 /* Sources */ = {
			isa = PBXSourcesBuildPhase;
			buildActionMask = 2147483647;
			files = (
			);
			runOnlyForDeploymentPostprocessing = 0;
		};
		8E79EAD92EF7812A0071BAF7 /* Sources */ = {
			isa = PBXSourcesBuildPhase;
			buildActionMask = 2147483647;
			files = (
			);
			runOnlyForDeploymentPostprocessing = 0;
		};
		8EEC8A202ECF9892009E9C8A /* Sources */ = {
			isa = PBXSourcesBuildPhase;
			buildActionMask = 2147483647;
			files = (
			);
			runOnlyForDeploymentPostprocessing = 0;
		};
/* End PBXSourcesBuildPhase section */

/* Begin PBXTargetDependency section */
		8E64B6162EE94E6A00916B45 /* PBXTargetDependency */ = {
			isa = PBXTargetDependency;
			target = 8EEC8A232ECF9892009E9C8A /* W Reminder */;
			targetProxy = 8E64B6152EE94E6A00916B45 /* PBXContainerItemProxy */;
		};
		8E64B62F2EEA82F900916B45 /* PBXTargetDependency */ = {
			isa = PBXTargetDependency;
			target = 8EEC8A232ECF9892009E9C8A /* W Reminder */;
			targetProxy = 8E64B62E2EEA82F900916B45 /* PBXContainerItemProxy */;
		};
		8E79EAED2EF7812B0071BAF7 /* PBXTargetDependency */ = {
			isa = PBXTargetDependency;
			target = 8E79EADC2EF7812A0071BAF7 /* WReminderWidget */;
			targetProxy = 8E79EAEC2EF7812B0071BAF7 /* PBXContainerItemProxy */;
		};
/* End PBXTargetDependency section */

/* Begin XCBuildConfiguration section */
		8E64B6182EE94E6A00916B45 /* Debug */ = {
			isa = XCBuildConfiguration;
			buildSettings = {
				BUNDLE_LOADER = "$(TEST_HOST)";
				CODE_SIGN_STYLE = Automatic;
				CURRENT_PROJECT_VERSION = 1;
				DEVELOPMENT_TEAM = 4H48F9L3R2;
				GENERATE_INFOPLIST_FILE = YES;
				MARKETING_VERSION = 1.0;
				PRODUCT_BUNDLE_IDENTIFIER = "CrazyStudio.W-ReminderTests";
				PRODUCT_NAME = "$(TARGET_NAME)";
				SWIFT_EMIT_LOC_STRINGS = NO;
				SWIFT_VERSION = 5.0;
				TARGETED_DEVICE_FAMILY = "1,2";
				TEST_HOST = "$(BUILT_PRODUCTS_DIR)/W Reminder.app/$(BUNDLE_EXECUTABLE_FOLDER_PATH)/W Reminder";
			};
			name = Debug;
		};
		8E64B6192EE94E6A00916B45 /* Release */ = {
			isa = XCBuildConfiguration;
			buildSettings = {
				BUNDLE_LOADER = "$(TEST_HOST)";
				CODE_SIGN_STYLE = Automatic;
				CURRENT_PROJECT_VERSION = 1;
				DEVELOPMENT_TEAM = 4H48F9L3R2;
				GENERATE_INFOPLIST_FILE = YES;
				MARKETING_VERSION = 1.0;
				PRODUCT_BUNDLE_IDENTIFIER = "CrazyStudio.W-ReminderTests";
				PRODUCT_NAME = "$(TARGET_NAME)";
				SWIFT_EMIT_LOC_STRINGS = NO;
				SWIFT_VERSION = 5.0;
				TARGETED_DEVICE_FAMILY = "1,2";
				TEST_HOST = "$(BUILT_PRODUCTS_DIR)/W Reminder.app/$(BUNDLE_EXECUTABLE_FOLDER_PATH)/W Reminder";
			};
			name = Release;
		};
		8E64B6312EEA82F900916B45 /* Debug */ = {
			isa = XCBuildConfiguration;
			buildSettings = {
				CODE_SIGN_STYLE = Automatic;
				CURRENT_PROJECT_VERSION = 1;
				DEVELOPMENT_TEAM = 4H48F9L3R2;
				GENERATE_INFOPLIST_FILE = YES;
				MARKETING_VERSION = 1.0;
				PRODUCT_BUNDLE_IDENTIFIER = "CrazyStudio.W-ReminderUITests";
				PRODUCT_NAME = "$(TARGET_NAME)";
				SWIFT_EMIT_LOC_STRINGS = NO;
				SWIFT_VERSION = 5.0;
				TARGETED_DEVICE_FAMILY = "1,2";
				TEST_TARGET_NAME = "W Reminder";
			};
			name = Debug;
		};
		8E64B6322EEA82F900916B45 /* Release */ = {
			isa = XCBuildConfiguration;
			buildSettings = {
				CODE_SIGN_STYLE = Automatic;
				CURRENT_PROJECT_VERSION = 1;
				DEVELOPMENT_TEAM = 4H48F9L3R2;
				GENERATE_INFOPLIST_FILE = YES;
				MARKETING_VERSION = 1.0;
				PRODUCT_BUNDLE_IDENTIFIER = "CrazyStudio.W-ReminderUITests";
				PRODUCT_NAME = "$(TARGET_NAME)";
				SWIFT_EMIT_LOC_STRINGS = NO;
				SWIFT_VERSION = 5.0;
				TARGETED_DEVICE_FAMILY = "1,2";
				TEST_TARGET_NAME = "W Reminder";
			};
			name = Release;
		};
		8E79EAF12EF7812B0071BAF7 /* Debug */ = {
			isa = XCBuildConfiguration;
			buildSettings = {
				ASSETCATALOG_COMPILER_GLOBAL_ACCENT_COLOR_NAME = AccentColor;
				ASSETCATALOG_COMPILER_WIDGET_BACKGROUND_COLOR_NAME = WidgetBackground;
				CODE_SIGN_ENTITLEMENTS = WReminderWidget.entitlements;
				CODE_SIGN_STYLE = Automatic;
				CURRENT_PROJECT_VERSION = 1;
				DEVELOPMENT_TEAM = 4H48F9L3R2;
				GENERATE_INFOPLIST_FILE = NO;
				INFOPLIST_FILE = WReminderWidget/Info.plist;
				INFOPLIST_KEY_CFBundleDisplayName = "";
				INFOPLIST_KEY_NSHumanReadableCopyright = "";
				LD_RUNPATH_SEARCH_PATHS = (
					"$(inherited)",
					"@executable_path/Frameworks",
					"@executable_path/../../Frameworks",
				);
				MARKETING_VERSION = 1.0;
				PRODUCT_BUNDLE_IDENTIFIER = "CrazyStudio.W-Reminder.WReminderWidget";
				PRODUCT_NAME = "$(TARGET_NAME)";
				SKIP_INSTALL = YES;
				SWIFT_EMIT_LOC_STRINGS = YES;
				SWIFT_VERSION = 5.0;
				TARGETED_DEVICE_FAMILY = "1,2";
			};
			name = Debug;
		};
		8E79EAF22EF7812B0071BAF7 /* Release */ = {
			isa = XCBuildConfiguration;
			buildSettings = {
				ASSETCATALOG_COMPILER_GLOBAL_ACCENT_COLOR_NAME = AccentColor;
				ASSETCATALOG_COMPILER_WIDGET_BACKGROUND_COLOR_NAME = WidgetBackground;
				CODE_SIGN_ENTITLEMENTS = WReminderWidget.entitlements;
				CODE_SIGN_STYLE = Automatic;
				CURRENT_PROJECT_VERSION = 1;
				DEVELOPMENT_TEAM = 4H48F9L3R2;
				GENERATE_INFOPLIST_FILE = NO;
				INFOPLIST_FILE = WReminderWidget/Info.plist;
				INFOPLIST_KEY_CFBundleDisplayName = "";
				INFOPLIST_KEY_NSHumanReadableCopyright = "";
				LD_RUNPATH_SEARCH_PATHS = (
					"$(inherited)",
					"@executable_path/Frameworks",
					"@executable_path/../../Frameworks",
				);
				MARKETING_VERSION = 1.0;
				PRODUCT_BUNDLE_IDENTIFIER = "CrazyStudio.W-Reminder.WReminderWidget";
				PRODUCT_NAME = "$(TARGET_NAME)";
				SKIP_INSTALL = YES;
				SWIFT_EMIT_LOC_STRINGS = YES;
				SWIFT_VERSION = 5.0;
				TARGETED_DEVICE_FAMILY = "1,2";
			};
			name = Release;
		};
		8EEC8A322ECF9893009E9C8A /* Debug */ = {
			isa = XCBuildConfiguration;
			buildSettings = {
				ALWAYS_SEARCH_USER_PATHS = NO;
				ASSETCATALOG_COMPILER_GENERATE_SWIFT_ASSET_SYMBOL_EXTENSIONS = YES;
				CLANG_ANALYZER_NONNULL = YES;
				CLANG_ANALYZER_NUMBER_OBJECT_CONVERSION = YES_AGGRESSIVE;
				CLANG_CXX_LANGUAGE_STANDARD = "gnu++20";
				CLANG_ENABLE_MODULES = YES;
				CLANG_ENABLE_OBJC_ARC = YES;
				CLANG_ENABLE_OBJC_WEAK = YES;
				CLANG_WARN_BLOCK_CAPTURE_AUTORELEASING = YES;
				CLANG_WARN_BOOL_CONVERSION = YES;
				CLANG_WARN_COMMA = YES;
				CLANG_WARN_CONSTANT_CONVERSION = YES;
				CLANG_WARN_DEPRECATED_OBJC_IMPLEMENTATIONS = YES;
				CLANG_WARN_DIRECT_OBJC_ISA_USAGE = YES_ERROR;
				CLANG_WARN_DOCUMENTATION_COMMENTS = YES;
				CLANG_WARN_EMPTY_BODY = YES;
				CLANG_WARN_ENUM_CONVERSION = YES;
				CLANG_WARN_INFINITE_RECURSION = YES;
				CLANG_WARN_INT_CONVERSION = YES;
				CLANG_WARN_NON_LITERAL_NULL_CONVERSION = YES;
				CLANG_WARN_OBJC_IMPLICIT_RETAIN_SELF = YES;
				CLANG_WARN_OBJC_LITERAL_CONVERSION = YES;
				CLANG_WARN_OBJC_ROOT_CLASS = YES_ERROR;
				CLANG_WARN_QUOTED_INCLUDE_IN_FRAMEWORK_HEADER = YES;
				CLANG_WARN_RANGE_LOOP_ANALYSIS = YES;
				CLANG_WARN_STRICT_PROTOTYPES = YES;
				CLANG_WARN_SUSPICIOUS_MOVE = YES;
				CLANG_WARN_UNGUARDED_AVAILABILITY = YES_AGGRESSIVE;
				CLANG_WARN_UNREACHABLE_CODE = YES;
				CLANG_WARN__DUPLICATE_METHOD_MATCH = YES;
				COPY_PHASE_STRIP = NO;
				DEBUG_INFORMATION_FORMAT = dwarf;
				ENABLE_STRICT_OBJC_MSGSEND = YES;
				ENABLE_TESTABILITY = YES;
				ENABLE_USER_SCRIPT_SANDBOXING = YES;
				GCC_C_LANGUAGE_STANDARD = gnu17;
				GCC_DYNAMIC_NO_PIC = NO;
				GCC_NO_COMMON_BLOCKS = YES;
				GCC_OPTIMIZATION_LEVEL = 0;
				GCC_PREPROCESSOR_DEFINITIONS = (
					"DEBUG=1",
					"$(inherited)",
				);
				GCC_WARN_64_TO_32_BIT_CONVERSION = YES;
				GCC_WARN_ABOUT_RETURN_TYPE = YES_ERROR;
				GCC_WARN_UNDECLARED_SELECTOR = YES;
				GCC_WARN_UNINITIALIZED_AUTOS = YES_AGGRESSIVE;
				GCC_WARN_UNUSED_FUNCTION = YES;
				GCC_WARN_UNUSED_VARIABLE = YES;
				IPHONEOS_DEPLOYMENT_TARGET = 18.2;
				LOCALIZATION_PREFERS_STRING_CATALOGS = YES;
				MTL_ENABLE_DEBUG_INFO = INCLUDE_SOURCE;
				MTL_FAST_MATH = YES;
				ONLY_ACTIVE_ARCH = YES;
				PRODUCT_BUNDLE_IDENTIFIER = "com.tysuprawee.W-Reminder.WReminderWidget";
				SDKROOT = iphoneos;
				SWIFT_ACTIVE_COMPILATION_CONDITIONS = "DEBUG $(inherited)";
				SWIFT_OPTIMIZATION_LEVEL = "-Onone";
			};
			name = Debug;
		};
		8EEC8A332ECF9893009E9C8A /* Release */ = {
			isa = XCBuildConfiguration;
			buildSettings = {
				ALWAYS_SEARCH_USER_PATHS = NO;
				ASSETCATALOG_COMPILER_GENERATE_SWIFT_ASSET_SYMBOL_EXTENSIONS = YES;
				CLANG_ANALYZER_NONNULL = YES;
				CLANG_ANALYZER_NUMBER_OBJECT_CONVERSION = YES_AGGRESSIVE;
				CLANG_CXX_LANGUAGE_STANDARD = "gnu++20";
				CLANG_ENABLE_MODULES = YES;
				CLANG_ENABLE_OBJC_ARC = YES;
				CLANG_ENABLE_OBJC_WEAK = YES;
				CLANG_WARN_BLOCK_CAPTURE_AUTORELEASING = YES;
				CLANG_WARN_BOOL_CONVERSION = YES;
				CLANG_WARN_COMMA = YES;
				CLANG_WARN_CONSTANT_CONVERSION = YES;
				CLANG_WARN_DEPRECATED_OBJC_IMPLEMENTATIONS = YES;
				CLANG_WARN_DIRECT_OBJC_ISA_USAGE = YES_ERROR;
				CLANG_WARN_DOCUMENTATION_COMMENTS = YES;
				CLANG_WARN_EMPTY_BODY = YES;
				CLANG_WARN_ENUM_CONVERSION = YES;
				CLANG_WARN_INFINITE_RECURSION = YES;
				CLANG_WARN_INT_CONVERSION = YES;
				CLANG_WARN_NON_LITERAL_NULL_CONVERSION = YES;
				CLANG_WARN_OBJC_IMPLICIT_RETAIN_SELF = YES;
				CLANG_WARN_OBJC_LITERAL_CONVERSION = YES;
				CLANG_WARN_OBJC_ROOT_CLASS = YES_ERROR;
				CLANG_WARN_QUOTED_INCLUDE_IN_FRAMEWORK_HEADER = YES;
				CLANG_WARN_RANGE_LOOP_ANALYSIS = YES;
				CLANG_WARN_STRICT_PROTOTYPES = YES;
				CLANG_WARN_SUSPICIOUS_MOVE = YES;
				CLANG_WARN_UNGUARDED_AVAILABILITY = YES_AGGRESSIVE;
				CLANG_WARN_UNREACHABLE_CODE = YES;
				CLANG_WARN__DUPLICATE_METHOD_MATCH = YES;
				COPY_PHASE_STRIP = NO;
				DEBUG_INFORMATION_FORMAT = "dwarf-with-dsym";
				ENABLE_NS_ASSERTIONS = NO;
				ENABLE_STRICT_OBJC_MSGSEND = YES;
				ENABLE_USER_SCRIPT_SANDBOXING = YES;
				GCC_C_LANGUAGE_STANDARD = gnu17;
				GCC_NO_COMMON_BLOCKS = YES;
				GCC_WARN_64_TO_32_BIT_CONVERSION = YES;
				GCC_WARN_ABOUT_RETURN_TYPE = YES_ERROR;
				GCC_WARN_UNDECLARED_SELECTOR = YES;
				GCC_WARN_UNINITIALIZED_AUTOS = YES_AGGRESSIVE;
				GCC_WARN_UNUSED_FUNCTION = YES;
				GCC_WARN_UNUSED_VARIABLE = YES;
				IPHONEOS_DEPLOYMENT_TARGET = 18.2;
				LOCALIZATION_PREFERS_STRING_CATALOGS = YES;
				MTL_ENABLE_DEBUG_INFO = NO;
				MTL_FAST_MATH = YES;
				PRODUCT_BUNDLE_IDENTIFIER = "com.tysuprawee.W-Reminder.WReminderWidget";
				SDKROOT = iphoneos;
				SWIFT_COMPILATION_MODE = wholemodule;
				VALIDATE_PRODUCT = YES;
			};
			name = Release;
		};
		8EEC8A352ECF9893009E9C8A /* Debug */ = {
			isa = XCBuildConfiguration;
			buildSettings = {
				ASSETCATALOG_COMPILER_APPICON_NAME = AppIcon;
				ASSETCATALOG_COMPILER_GLOBAL_ACCENT_COLOR_NAME = AccentColor;
				CODE_SIGN_ENTITLEMENTS = "W Reminder/W Reminder.entitlements";
				CODE_SIGN_STYLE = Automatic;
				CURRENT_PROJECT_VERSION = 1;
				DEVELOPMENT_ASSET_PATHS = "\"W Reminder/Preview Content\"";
				DEVELOPMENT_TEAM = 4H48F9L3R2;
				ENABLE_PREVIEWS = YES;
				GENERATE_INFOPLIST_FILE = YES;
				INFOPLIST_FILE = "W-Reminder-Info.plist";
				INFOPLIST_KEY_UIApplicationSceneManifest_Generation = YES;
				INFOPLIST_KEY_UIApplicationSupportsIndirectInputEvents = YES;
				INFOPLIST_KEY_UILaunchScreen_Generation = YES;
				INFOPLIST_KEY_UISupportedInterfaceOrientations_iPad = "UIInterfaceOrientationPortrait UIInterfaceOrientationPortraitUpsideDown UIInterfaceOrientationLandscapeLeft UIInterfaceOrientationLandscapeRight";
				INFOPLIST_KEY_UISupportedInterfaceOrientations_iPhone = "UIInterfaceOrientationPortrait UIInterfaceOrientationLandscapeLeft UIInterfaceOrientationLandscapeRight";
				LD_RUNPATH_SEARCH_PATHS = (
					"$(inherited)",
					"@executable_path/Frameworks",
				);
				MARKETING_VERSION = 1.02;
				PRODUCT_BUNDLE_IDENTIFIER = "CrazyStudio.W-Reminder";
				PRODUCT_NAME = "$(TARGET_NAME)";
				SWIFT_EMIT_LOC_STRINGS = YES;
				SWIFT_VERSION = 5.0;
				TARGETED_DEVICE_FAMILY = "1,2";
			};
			name = Debug;
		};
		8EEC8A362ECF9893009E9C8A /* Release */ = {
			isa = XCBuildConfiguration;
			buildSettings = {
				ASSETCATALOG_COMPILER_APPICON_NAME = AppIcon;
				ASSETCATALOG_COMPILER_GLOBAL_ACCENT_COLOR_NAME = AccentColor;
				CODE_SIGN_ENTITLEMENTS = "W Reminder/W Reminder.entitlements";
				CODE_SIGN_STYLE = Automatic;
				CURRENT_PROJECT_VERSION = 1;
				DEVELOPMENT_ASSET_PATHS = "\"W Reminder/Preview Content\"";
				DEVELOPMENT_TEAM = 4H48F9L3R2;
				ENABLE_PREVIEWS = YES;
				GENERATE_INFOPLIST_FILE = YES;
				INFOPLIST_FILE = "W-Reminder-Info.plist";
				INFOPLIST_KEY_UIApplicationSceneManifest_Generation = YES;
				INFOPLIST_KEY_UIApplicationSupportsIndirectInputEvents = YES;
				INFOPLIST_KEY_UILaunchScreen_Generation = YES;
				INFOPLIST_KEY_UISupportedInterfaceOrientations_iPad = "UIInterfaceOrientationPortrait UIInterfaceOrientationPortraitUpsideDown UIInterfaceOrientationLandscapeLeft UIInterfaceOrientationLandscapeRight";
				INFOPLIST_KEY_UISupportedInterfaceOrientations_iPhone = "UIInterfaceOrientationPortrait UIInterfaceOrientationLandscapeLeft UIInterfaceOrientationLandscapeRight";
				LD_RUNPATH_SEARCH_PATHS = (
					"$(inherited)",
					"@executable_path/Frameworks",
				);
				MARKETING_VERSION = 1.02;
				PRODUCT_BUNDLE_IDENTIFIER = "CrazyStudio.W-Reminder";
				PRODUCT_NAME = "$(TARGET_NAME)";
				SWIFT_EMIT_LOC_STRINGS = YES;
				SWIFT_VERSION = 5.0;
				TARGETED_DEVICE_FAMILY = "1,2";
			};
			name = Release;
		};
/* End XCBuildConfiguration section */

/* Begin XCConfigurationList section */
		8E64B6172EE94E6A00916B45 /* Build configuration list for PBXNativeTarget "W ReminderTests" */ = {
			isa = XCConfigurationList;
			buildConfigurations = (
				8E64B6182EE94E6A00916B45 /* Debug */,
				8E64B6192EE94E6A00916B45 /* Release */,
			);
			defaultConfigurationIsVisible = 0;
			defaultConfigurationName = Release;
		};
		8E64B6302EEA82F900916B45 /* Build configuration list for PBXNativeTarget "W ReminderUITests" */ = {
			isa = XCConfigurationList;
			buildConfigurations = (
				8E64B6312EEA82F900916B45 /* Debug */,
				8E64B6322EEA82F900916B45 /* Release */,
			);
			defaultConfigurationIsVisible = 0;
			defaultConfigurationName = Release;
		};
		8E79EAF02EF7812B0071BAF7 /* Build configuration list for PBXNativeTarget "WReminderWidget" */ = {
			isa = XCConfigurationList;
			buildConfigurations = (
				8E79EAF12EF7812B0071BAF7 /* Debug */,
				8E79EAF22EF7812B0071BAF7 /* Release */,
			);
			defaultConfigurationIsVisible = 0;
			defaultConfigurationName = Release;
		};
		8EEC8A1F2ECF9892009E9C8A /* Build configuration list for PBXProject "W Reminder" */ = {
			isa = XCConfigurationList;
			buildConfigurations = (
				8EEC8A322ECF9893009E9C8A /* Debug */,
				8EEC8A332ECF9893009E9C8A /* Release */,
			);
			defaultConfigurationIsVisible = 0;
			defaultConfigurationName = Release;
		};
		8EEC8A342ECF9893009E9C8A /* Build configuration list for PBXNativeTarget "W Reminder" */ = {
			isa = XCConfigurationList;
			buildConfigurations = (
				8EEC8A352ECF9893009E9C8A /* Debug */,
				8EEC8A362ECF9893009E9C8A /* Release */,
			);
			defaultConfigurationIsVisible = 0;
			defaultConfigurationName = Release;
		};
/* End XCConfigurationList section */

/* Begin XCRemoteSwiftPackageReference section */
		8E79EAB32EF694990071BAF7 /* XCRemoteSwiftPackageReference "supabase-swift" */ = {
			isa = XCRemoteSwiftPackageReference;
			repositoryURL = "https://github.com/supabase/supabase-swift";
			requirement = {
				kind = upToNextMajorVersion;
				minimumVersion = 2.5.1;
			};
		};
/* End XCRemoteSwiftPackageReference section */

/* Begin XCSwiftPackageProductDependency section */
		8E79EAB52EF695DB0071BAF7 /* Auth */ = {
			isa = XCSwiftPackageProductDependency;
			package = 8E79EAB32EF694990071BAF7 /* XCRemoteSwiftPackageReference "supabase-swift" */;
			productName = Auth;
		};
		8E79EAB72EF695DB0071BAF7 /* Functions */ = {
			isa = XCSwiftPackageProductDependency;
			package = 8E79EAB32EF694990071BAF7 /* XCRemoteSwiftPackageReference "supabase-swift" */;
			productName = Functions;
		};
		8E79EAB92EF695DB0071BAF7 /* PostgREST */ = {
			isa = XCSwiftPackageProductDependency;
			package = 8E79EAB32EF694990071BAF7 /* XCRemoteSwiftPackageReference "supabase-swift" */;
			productName = PostgREST;
		};
		8E79EABB2EF695DB0071BAF7 /* Realtime */ = {
			isa = XCSwiftPackageProductDependency;
			package = 8E79EAB32EF694990071BAF7 /* XCRemoteSwiftPackageReference "supabase-swift" */;
			productName = Realtime;
		};
		8E79EABD2EF695DB0071BAF7 /* Storage */ = {
			isa = XCSwiftPackageProductDependency;
			package = 8E79EAB32EF694990071BAF7 /* XCRemoteSwiftPackageReference "supabase-swift" */;
			productName = Storage;
		};
		8E79EABF2EF695DB0071BAF7 /* Supabase */ = {
			isa = XCSwiftPackageProductDependency;
			package = 8E79EAB32EF694990071BAF7 /* XCRemoteSwiftPackageReference "supabase-swift" */;
			productName = Supabase;
		};
/* End XCSwiftPackageProductDependency section */
	};
	rootObject = 8EEC8A1C2ECF9892009E9C8A /* Project object */;
}
